
Microsoft Visual Studio Solution File, Format Version 12.00
# Visual Studio 11
Project("{FAE04EC0-301F-11D3-BF4B-00C04F79EFBC}") = "Dimensions-MVC3", "Dimensions-MVC3\Dimensions-MVC3.csproj", "{EB5B16F2-EC2D-40DB-8E0B-8579D84F037E}"
EndProject
Global
	GlobalSection(SolutionConfigurationPlatforms) = preSolution
		Debug|Any CPU = Debug|Any CPU
		Release|Any CPU = Release|Any CPU
	EndGlobalSection
	GlobalSection(ProjectConfigurationPlatforms) = postSolution
		{EB5B16F2-EC2D-40DB-8E0B-8579D84F037E}.Debug|Any CPU.ActiveCfg = Debug|Any CPU
		{EB5B16F2-EC2D-40DB-8E0B-8579D84F037E}.Debug|Any CPU.Build.0 = Debug|Any CPU
		{EB5B16F2-EC2D-40DB-8E0B-8579D84F037E}.Release|Any CPU.ActiveCfg = Release|Any CPU
		{EB5B16F2-EC2D-40DB-8E0B-8579D84F037E}.Release|Any CPU.Build.0 = Release|Any CPU
	EndGlobalSection
	GlobalSection(SolutionProperties) = preSolution
		HideSolutionNode = FALSE
	EndGlobalSection
EndGlobal
